
Microsoft Visual Studio Solution File, Format Version 12.00
# Visual Studio Version 17
VisualStudioVersion = 17.11.35312.102
MinimumVisualStudioVersion = 10.0.40219.1
Project("{FAE04EC0-301F-11D3-BF4B-00C04F79EFBC}") = "Calculadora", "Calculadora.csproj", "{4E12718D-8863-4E01-9A6C-C205BD26C1FA}"
EndProject
Global
	GlobalSection(SolutionConfigurationPlatforms) = preSolution
		Debug|Any CPU = Debug|Any CPU
		Release|Any CPU = Release|Any CPU
	EndGlobalSection
	GlobalSection(ProjectConfigurationPlatforms) = postSolution
		{4E12718D-8863-4E01-9A6C-C205BD26C1FA}.Debug|Any CPU.ActiveCfg = Debug|Any CPU
		{4E12718D-8863-4E01-9A6C-C205BD26C1FA}.Debug|Any CPU.Build.0 = Debug|Any CPU
		{4E12718D-8863-4E01-9A6C-C205BD26C1FA}.Release|Any CPU.ActiveCfg = Release|Any CPU
		{4E12718D-8863-4E01-9A6C-C205BD26C1FA}.Release|Any CPU.Build.0 = Release|Any CPU
	EndGlobalSection
	GlobalSection(SolutionProperties) = preSolution
		HideSolutionNode = FALSE
	EndGlobalSection
	GlobalSection(ExtensibilityGlobals) = postSolution
		SolutionGuid = {E59D30C9-B1B9-4424-9E06-F7EE70F4B016}
	EndGlobalSection
EndGlobal
